
Microsoft Visual Studio Solution File, Format Version 12.00
# Visual Studio Version 17
VisualStudioVersion = 17.9.34607.119
MinimumVisualStudioVersion = 10.0.40219.1
Project("{9A19103F-16F7-4668-BE54-9A1E7A4F7556}") = "PizzaHub", "PizzaHub.csproj", "{70197392-EF62-4770-9500-462213DFAAAB}"
EndProject
Project("{9A19103F-16F7-4668-BE54-9A1E7A4F7556}") = "PizzaHub.Infrastructure", "..\PizzaHub.Infrastructure\PizzaHub.Infrastructure.csproj", "{CC7A1B7D-6CE5-4CD1-B46A-88891DEB3602}"
EndProject
Project("{9A19103F-16F7-4668-BE54-9A1E7A4F7556}") = "PizzaHub.Core", "..\PizzaHub.Core\PizzaHub.Core.csproj", "{25082432-DEC2-41C1-8590-D928BEDBC155}"
EndProject
Project("{FAE04EC0-301F-11D3-BF4B-00C04F79EFBC}") = "PizzaHub.UnitTests", "..\PizzaHub.UnitTests\PizzaHub.UnitTests.csproj", "{5F624516-E0D5-4A7B-9C63-A7CFB8D193FB}"
EndProject
Global
	GlobalSection(SolutionConfigurationPlatforms) = preSolution
		Debug|Any CPU = Debug|Any CPU
		Release|Any CPU = Release|Any CPU
	EndGlobalSection
	GlobalSection(ProjectConfigurationPlatforms) = postSolution
		{70197392-EF62-4770-9500-462213DFAAAB}.Debug|Any CPU.ActiveCfg = Debug|Any CPU
		{70197392-EF62-4770-9500-462213DFAAAB}.Debug|Any CPU.Build.0 = Debug|Any CPU
		{70197392-EF62-4770-9500-462213DFAAAB}.Release|Any CPU.ActiveCfg = Release|Any CPU
		{70197392-EF62-4770-9500-462213DFAAAB}.Release|Any CPU.Build.0 = Release|Any CPU
		{CC7A1B7D-6CE5-4CD1-B46A-88891DEB3602}.Debug|Any CPU.ActiveCfg = Debug|Any CPU
		{CC7A1B7D-6CE5-4CD1-B46A-88891DEB3602}.Debug|Any CPU.Build.0 = Debug|Any CPU
		{CC7A1B7D-6CE5-4CD1-B46A-88891DEB3602}.Release|Any CPU.ActiveCfg = Release|Any CPU
		{CC7A1B7D-6CE5-4CD1-B46A-88891DEB3602}.Release|Any CPU.Build.0 = Release|Any CPU
		{25082432-DEC2-41C1-8590-D928BEDBC155}.Debug|Any CPU.ActiveCfg = Debug|Any CPU
		{25082432-DEC2-41C1-8590-D928BEDBC155}.Debug|Any CPU.Build.0 = Debug|Any CPU
		{25082432-DEC2-41C1-8590-D928BEDBC155}.Release|Any CPU.ActiveCfg = Release|Any CPU
		{25082432-DEC2-41C1-8590-D928BEDBC155}.Release|Any CPU.Build.0 = Release|Any CPU
		{5F624516-E0D5-4A7B-9C63-A7CFB8D193FB}.Debug|Any CPU.ActiveCfg = Debug|Any CPU
		{5F624516-E0D5-4A7B-9C63-A7CFB8D193FB}.Debug|Any CPU.Build.0 = Debug|Any CPU
		{5F624516-E0D5-4A7B-9C63-A7CFB8D193FB}.Release|Any CPU.ActiveCfg = Release|Any CPU
		{5F624516-E0D5-4A7B-9C63-A7CFB8D193FB}.Release|Any CPU.Build.0 = Release|Any CPU
	EndGlobalSection
	GlobalSection(SolutionProperties) = preSolution
		HideSolutionNode = FALSE
	EndGlobalSection
	GlobalSection(ExtensibilityGlobals) = postSolution
		SolutionGuid = {36D6AEB2-985A-410B-839C-07177FD7D0B3}
	EndGlobalSection
EndGlobal
